
Microsoft Visual Studio Solution File, Format Version 12.00
# Visual Studio Version 17
VisualStudioVersion = 17.1.32319.34
MinimumVisualStudioVersion = 10.0.40219.1
Project("{9092AA53-FB77-4645-B42D-1CCCA6BD08BD}") = "Secret Server", "Secret Server.njsproj", "{78CAF6FF-0761-421A-9371-8583C6BE7722}"
EndProject
Global
	GlobalSection(SolutionConfigurationPlatforms) = preSolution
		Debug|Any CPU = Debug|Any CPU
		Release|Any CPU = Release|Any CPU
	EndGlobalSection
	GlobalSection(ProjectConfigurationPlatforms) = postSolution
		{78CAF6FF-0761-421A-9371-8583C6BE7722}.Debug|Any CPU.ActiveCfg = Debug|Any CPU
		{78CAF6FF-0761-421A-9371-8583C6BE7722}.Debug|Any CPU.Build.0 = Debug|Any CPU
		{78CAF6FF-0761-421A-9371-8583C6BE7722}.Release|Any CPU.ActiveCfg = Release|Any CPU
		{78CAF6FF-0761-421A-9371-8583C6BE7722}.Release|Any CPU.Build.0 = Release|Any CPU
	EndGlobalSection
	GlobalSection(SolutionProperties) = preSolution
		HideSolutionNode = FALSE
	EndGlobalSection
	GlobalSection(ExtensibilityGlobals) = postSolution
		SolutionGuid = {C92A0E4A-7214-4E42-84F6-F8119287CCE9}
	EndGlobalSection
EndGlobal
